
Microsoft Visual Studio Solution File, Format Version 12.00
# Visual Studio Version 17
VisualStudioVersion = 17.14.36414.22
MinimumVisualStudioVersion = 10.0.40219.1
Project("{8BC9CEB8-8B4A-11D0-8D11-00A0C91BC942}") = "week2_lab", "week2_lab\week2_lab.vcxproj", "{C593CC40-02D9-405F-A36F-79018E910F1A}"
EndProject
Project("{8BC9CEB8-8B4A-11D0-8D11-00A0C91BC942}") = "arrayUtill", "test_print\Chap07.vcxproj", "{19D4B348-2843-4C5C-8EC4-FBF1073DBD40}"
EndProject
Project("{8BC9CEB8-8B4A-11D0-8D11-00A0C91BC942}") = "Assignment0701", "Assignment0701\Assignment0701.vcxproj", "{73FD8833-A24F-4650-8F9A-26BBB9628C6B}"
EndProject
Project("{8BC9CEB8-8B4A-11D0-8D11-00A0C91BC942}") = "Assignment0703", "Assignment0703\Assignment0703.vcxproj", "{6F7D0CEB-FEF4-45FB-89C5-6D5DA3D893B7}"
EndProject
Project("{8BC9CEB8-8B4A-11D0-8D11-00A0C91BC942}") = "Assignment0704", "Assignment0704\Assignment0704.vcxproj", "{F28AF4B0-7859-497D-96DE-F5B66E8A1E59}"
EndProject
Project("{8BC9CEB8-8B4A-11D0-8D11-00A0C91BC942}") = "Assignment0707", "Assignment0707\Assignment0707.vcxproj", "{9F2E695A-07B5-436A-B230-68DFF1746E3F}"
EndProject
Project("{8BC9CEB8-8B4A-11D0-8D11-00A0C91BC942}") = "Assignment0714", "Assignment0714\Assignment0714.vcxproj", "{D870C604-7ABF-42A0-A6F0-FC4E77C38AEA}"
EndProject
Project("{8BC9CEB8-8B4A-11D0-8D11-00A0C91BC942}") = "Assignment0712", "Assignment0712\Assignment0712.vcxproj", "{40D17412-7C82-433B-9B83-D60935658E44}"
EndProject
Project("{8BC9CEB8-8B4A-11D0-8D11-00A0C91BC942}") = "Exercise0701", "Exercise0701\Exercise0701.vcxproj", "{26E3D345-49C5-41FF-82B7-43093BBDA5E4}"
EndProject
Project("{8BC9CEB8-8B4A-11D0-8D11-00A0C91BC942}") = "Exercise0702", "Exercise0702\Exercise0702.vcxproj", "{0B57E48E-DA79-4FE9-B409-3703E68D273D}"
EndProject
Project("{8BC9CEB8-8B4A-11D0-8D11-00A0C91BC942}") = "Exercise0703", "Exercise0703\Exercise0703.vcxproj", "{D2DF3B2F-4460-40AD-BD12-36027F21047C}"
EndProject
Project("{8BC9CEB8-8B4A-11D0-8D11-00A0C91BC942}") = "Exercise0704", "Exercise0704\Exercise0704.vcxproj", "{A9C2F909-8D73-4B2A-B3ED-904E5113662C}"
EndProject
Project("{8BC9CEB8-8B4A-11D0-8D11-00A0C91BC942}") = "Exercise0705", "Exercise0705\Exercise0705.vcxproj", "{FBECFAA1-FBB1-4A0C-AE94-D147DBA4E05F}"
EndProject
Project("{8BC9CEB8-8B4A-11D0-8D11-00A0C91BC942}") = "Exercise0706", "Exercise0706\Exercise0706.vcxproj", "{9DFA6E2A-0E96-4374-9989-CBFB20EB9CFB}"
EndProject
Project("{8BC9CEB8-8B4A-11D0-8D11-00A0C91BC942}") = "Exercise0707", "Exercsie0707\Exercsie0707.vcxproj", "{43D420CD-8AC0-49D9-8810-9F4F748ECA33}"
EndProject
Project("{8BC9CEB8-8B4A-11D0-8D11-00A0C91BC942}") = "Exercise0708", "Exercise0708\Exercise0708.vcxproj", "{D9E066CD-C451-471F-8DC8-2718F6C0FFE8}"
EndProject
Project("{8BC9CEB8-8B4A-11D0-8D11-00A0C91BC942}") = "Exercise0709", "Exercise0709\Exercise0709.vcxproj", "{C5529E45-2EA8-4E44-B06C-D853FBA937D1}"
EndProject
Project("{8BC9CEB8-8B4A-11D0-8D11-00A0C91BC942}") = "Exercise0710", "Exercise0710\Exercise0710.vcxproj", "{A144E80C-E010-436D-BB6E-D965A6535846}"
EndProject
Project("{8BC9CEB8-8B4A-11D0-8D11-00A0C91BC942}") = "Exercise0711", "Exercise0711\Exercise0711.vcxproj", "{EBAD104B-C4C2-4742-9CFF-8C7022FD9138}"
EndProject
Project("{8BC9CEB8-8B4A-11D0-8D11-00A0C91BC942}") = "Exercise0712", "Exercise0712\Exercise0712.vcxproj", "{207B912D-3C95-44FE-B47C-2BAEA5583B0E}"
EndProject
Project("{8BC9CEB8-8B4A-11D0-8D11-00A0C91BC942}") = "Exercise0713", "Exercise0713\Exercise0713.vcxproj", "{17365A62-5A20-4301-A651-F71EA03DC1E2}"
EndProject
Global
	GlobalSection(SolutionConfigurationPlatforms) = preSolution
		Debug|x64 = Debug|x64
		Debug|x86 = Debug|x86
		Release|x64 = Release|x64
		Release|x86 = Release|x86
	EndGlobalSection
	GlobalSection(ProjectConfigurationPlatforms) = postSolution
		{C593CC40-02D9-405F-A36F-79018E910F1A}.Debug|x64.ActiveCfg = Debug|x64
		{C593CC40-02D9-405F-A36F-79018E910F1A}.Debug|x64.Build.0 = Debug|x64
		{C593CC40-02D9-405F-A36F-79018E910F1A}.Debug|x86.ActiveCfg = Debug|Win32
		{C593CC40-02D9-405F-A36F-79018E910F1A}.Debug|x86.Build.0 = Debug|Win32
		{C593CC40-02D9-405F-A36F-79018E910F1A}.Release|x64.ActiveCfg = Release|x64
		{C593CC40-02D9-405F-A36F-79018E910F1A}.Release|x64.Build.0 = Release|x64
		{C593CC40-02D9-405F-A36F-79018E910F1A}.Release|x86.ActiveCfg = Release|Win32
		{C593CC40-02D9-405F-A36F-79018E910F1A}.Release|x86.Build.0 = Release|Win32
		{19D4B348-2843-4C5C-8EC4-FBF1073DBD40}.Debug|x64.ActiveCfg = Debug|x64
		{19D4B348-2843-4C5C-8EC4-FBF1073DBD40}.Debug|x64.Build.0 = Debug|x64
		{19D4B348-2843-4C5C-8EC4-FBF1073DBD40}.Debug|x86.ActiveCfg = Debug|Win32
		{19D4B348-2843-4C5C-8EC4-FBF1073DBD40}.Debug|x86.Build.0 = Debug|Win32
		{19D4B348-2843-4C5C-8EC4-FBF1073DBD40}.Release|x64.ActiveCfg = Release|x64
		{19D4B348-2843-4C5C-8EC4-FBF1073DBD40}.Release|x64.Build.0 = Release|x64
		{19D4B348-2843-4C5C-8EC4-FBF1073DBD40}.Release|x86.ActiveCfg = Release|Win32
		{19D4B348-2843-4C5C-8EC4-FBF1073DBD40}.Release|x86.Build.0 = Release|Win32
		{73FD8833-A24F-4650-8F9A-26BBB9628C6B}.Debug|x64.ActiveCfg = Debug|x64
		{73FD8833-A24F-4650-8F9A-26BBB9628C6B}.Debug|x64.Build.0 = Debug|x64
		{73FD8833-A24F-4650-8F9A-26BBB9628C6B}.Debug|x86.ActiveCfg = Debug|Win32
		{73FD8833-A24F-4650-8F9A-26BBB9628C6B}.Debug|x86.Build.0 = Debug|Win32
		{73FD8833-A24F-4650-8F9A-26BBB9628C6B}.Release|x64.ActiveCfg = Release|x64
		{73FD8833-A24F-4650-8F9A-26BBB9628C6B}.Release|x64.Build.0 = Release|x64
		{73FD8833-A24F-4650-8F9A-26BBB9628C6B}.Release|x86.ActiveCfg = Release|Win32
		{73FD8833-A24F-4650-8F9A-26BBB9628C6B}.Release|x86.Build.0 = Release|Win32
		{6F7D0CEB-FEF4-45FB-89C5-6D5DA3D893B7}.Debug|x64.ActiveCfg = Debug|x64
		{6F7D0CEB-FEF4-45FB-89C5-6D5DA3D893B7}.Debug|x64.Build.0 = Debug|x64
		{6F7D0CEB-FEF4-45FB-89C5-6D5DA3D893B7}.Debug|x86.ActiveCfg = Debug|Win32
		{6F7D0CEB-FEF4-45FB-89C5-6D5DA3D893B7}.Debug|x86.Build.0 = Debug|Win32
		{6F7D0CEB-FEF4-45FB-89C5-6D5DA3D893B7}.Release|x64.ActiveCfg = Release|x64
		{6F7D0CEB-FEF4-45FB-89C5-6D5DA3D893B7}.Release|x64.Build.0 = Release|x64
		{6F7D0CEB-FEF4-45FB-89C5-6D5DA3D893B7}.Release|x86.ActiveCfg = Release|Win32
		{6F7D0CEB-FEF4-45FB-89C5-6D5DA3D893B7}.Release|x86.Build.0 = Release|Win32
		{F28AF4B0-7859-497D-96DE-F5B66E8A1E59}.Debug|x64.ActiveCfg = Debug|x64
		{F28AF4B0-7859-497D-96DE-F5B66E8A1E59}.Debug|x64.Build.0 = Debug|x64
		{F28AF4B0-7859-497D-96DE-F5B66E8A1E59}.Debug|x86.ActiveCfg = Debug|Win32
		{F28AF4B0-7859-497D-96DE-F5B66E8A1E59}.Debug|x86.Build.0 = Debug|Win32
		{F28AF4B0-7859-497D-96DE-F5B66E8A1E59}.Release|x64.ActiveCfg = Release|x64
		{F28AF4B0-7859-497D-96DE-F5B66E8A1E59}.Release|x64.Build.0 = Release|x64
		{F28AF4B0-7859-497D-96DE-F5B66E8A1E59}.Release|x86.ActiveCfg = Release|Win32
		{F28AF4B0-7859-497D-96DE-F5B66E8A1E59}.Release|x86.Build.0 = Release|Win32
		{9F2E695A-07B5-436A-B230-68DFF1746E3F}.Debug|x64.ActiveCfg = Debug|x64
		{9F2E695A-07B5-436A-B230-68DFF1746E3F}.Debug|x64.Build.0 = Debug|x64
		{9F2E695A-07B5-436A-B230-68DFF1746E3F}.Debug|x86.ActiveCfg = Debug|Win32
		{9F2E695A-07B5-436A-B230-68DFF1746E3F}.Debug|x86.Build.0 = Debug|Win32
		{9F2E695A-07B5-436A-B230-68DFF1746E3F}.Release|x64.ActiveCfg = Release|x64
		{9F2E695A-07B5-436A-B230-68DFF1746E3F}.Release|x64.Build.0 = Release|x64
		{9F2E695A-07B5-436A-B230-68DFF1746E3F}.Release|x86.ActiveCfg = Release|Win32
		{9F2E695A-07B5-436A-B230-68DFF1746E3F}.Release|x86.Build.0 = Release|Win32
		{D870C604-7ABF-42A0-A6F0-FC4E77C38AEA}.Debug|x64.ActiveCfg = Debug|x64
		{D870C604-7ABF-42A0-A6F0-FC4E77C38AEA}.Debug|x64.Build.0 = Debug|x64
		{D870C604-7ABF-42A0-A6F0-FC4E77C38AEA}.Debug|x86.ActiveCfg = Debug|Win32
		{D870C604-7ABF-42A0-A6F0-FC4E77C38AEA}.Debug|x86.Build.0 = Debug|Win32
		{D870C604-7ABF-42A0-A6F0-FC4E77C38AEA}.Release|x64.ActiveCfg = Release|x64
		{D870C604-7ABF-42A0-A6F0-FC4E77C38AEA}.Release|x64.Build.0 = Release|x64
		{D870C604-7ABF-42A0-A6F0-FC4E77C38AEA}.Release|x86.ActiveCfg = Release|Win32
		{D870C604-7ABF-42A0-A6F0-FC4E77C38AEA}.Release|x86.Build.0 = Release|Win32
		{40D17412-7C82-433B-9B83-D60935658E44}.Debug|x64.ActiveCfg = Debug|x64
		{40D17412-7C82-433B-9B83-D60935658E44}.Debug|x64.Build.0 = Debug|x64
		{40D17412-7C82-433B-9B83-D60935658E44}.Debug|x86.ActiveCfg = Debug|Win32
		{40D17412-7C82-433B-9B83-D60935658E44}.Debug|x86.Build.0 = Debug|Win32
		{40D17412-7C82-433B-9B83-D60935658E44}.Release|x64.ActiveCfg = Release|x64
		{40D17412-7C82-433B-9B83-D60935658E44}.Release|x64.Build.0 = Release|x64
		{40D17412-7C82-433B-9B83-D60935658E44}.Release|x86.ActiveCfg = Release|Win32
		{40D17412-7C82-433B-9B83-D60935658E44}.Release|x86.Build.0 = Release|Win32
		{26E3D345-49C5-41FF-82B7-43093BBDA5E4}.Debug|x64.ActiveCfg = Debug|x64
		{26E3D345-49C5-41FF-82B7-43093BBDA5E4}.Debug|x64.Build.0 = Debug|x64
		{26E3D345-49C5-41FF-82B7-43093BBDA5E4}.Debug|x86.ActiveCfg = Debug|Win32
		{26E3D345-49C5-41FF-82B7-43093BBDA5E4}.Debug|x86.Build.0 = Debug|Win32
		{26E3D345-49C5-41FF-82B7-43093BBDA5E4}.Release|x64.ActiveCfg = Release|x64
		{26E3D345-49C5-41FF-82B7-43093BBDA5E4}.Release|x64.Build.0 = Release|x64
		{26E3D345-49C5-41FF-82B7-43093BBDA5E4}.Release|x86.ActiveCfg = Release|Win32
		{26E3D345-49C5-41FF-82B7-43093BBDA5E4}.Release|x86.Build.0 = Release|Win32
		{0B57E48E-DA79-4FE9-B409-3703E68D273D}.Debug|x64.ActiveCfg = Debug|x64
		{0B57E48E-DA79-4FE9-B409-3703E68D273D}.Debug|x64.Build.0 = Debug|x64
		{0B57E48E-DA79-4FE9-B409-3703E68D273D}.Debug|x86.ActiveCfg = Debug|Win32
		{0B57E48E-DA79-4FE9-B409-3703E68D273D}.Debug|x86.Build.0 = Debug|Win32
		{0B57E48E-DA79-4FE9-B409-3703E68D273D}.Release|x64.ActiveCfg = Release|x64
		{0B57E48E-DA79-4FE9-B409-3703E68D273D}.Release|x64.Build.0 = Release|x64
		{0B57E48E-DA79-4FE9-B409-3703E68D273D}.Release|x86.ActiveCfg = Release|Win32
		{0B57E48E-DA79-4FE9-B409-3703E68D273D}.Release|x86.Build.0 = Release|Win32
		{D2DF3B2F-4460-40AD-BD12-36027F21047C}.Debug|x64.ActiveCfg = Debug|x64
		{D2DF3B2F-4460-40AD-BD12-36027F21047C}.Debug|x64.Build.0 = Debug|x64
		{D2DF3B2F-4460-40AD-BD12-36027F21047C}.Debug|x86.ActiveCfg = Debug|Win32
		{D2DF3B2F-4460-40AD-BD12-36027F21047C}.Debug|x86.Build.0 = Debug|Win32
		{D2DF3B2F-4460-40AD-BD12-36027F21047C}.Release|x64.ActiveCfg = Release|x64
		{D2DF3B2F-4460-40AD-BD12-36027F21047C}.Release|x64.Build.0 = Release|x64
		{D2DF3B2F-4460-40AD-BD12-36027F21047C}.Release|x86.ActiveCfg = Release|Win32
		{D2DF3B2F-4460-40AD-BD12-36027F21047C}.Release|x86.Build.0 = Release|Win32
		{A9C2F909-8D73-4B2A-B3ED-904E5113662C}.Debug|x64.ActiveCfg = Debug|x64
		{A9C2F909-8D73-4B2A-B3ED-904E5113662C}.Debug|x64.Build.0 = Debug|x64
		{A9C2F909-8D73-4B2A-B3ED-904E5113662C}.Debug|x86.ActiveCfg = Debug|Win32
		{A9C2F909-8D73-4B2A-B3ED-904E5113662C}.Debug|x86.Build.0 = Debug|Win32
		{A9C2F909-8D73-4B2A-B3ED-904E5113662C}.Release|x64.ActiveCfg = Release|x64
		{A9C2F909-8D73-4B2A-B3ED-904E5113662C}.Release|x64.Build.0 = Release|x64
		{A9C2F909-8D73-4B2A-B3ED-904E5113662C}.Release|x86.ActiveCfg = Release|Win32
		{A9C2F909-8D73-4B2A-B3ED-904E5113662C}.Release|x86.Build.0 = Release|Win32
		{FBECFAA1-FBB1-4A0C-AE94-D147DBA4E05F}.Debug|x64.ActiveCfg = Debug|x64
		{FBECFAA1-FBB1-4A0C-AE94-D147DBA4E05F}.Debug|x64.Build.0 = Debug|x64
		{FBECFAA1-FBB1-4A0C-AE94-D147DBA4E05F}.Debug|x86.ActiveCfg = Debug|Win32
		{FBECFAA1-FBB1-4A0C-AE94-D147DBA4E05F}.Debug|x86.Build.0 = Debug|Win32
		{FBECFAA1-FBB1-4A0C-AE94-D147DBA4E05F}.Release|x64.ActiveCfg = Release|x64
		{FBECFAA1-FBB1-4A0C-AE94-D147DBA4E05F}.Release|x64.Build.0 = Release|x64
		{FBECFAA1-FBB1-4A0C-AE94-D147DBA4E05F}.Release|x86.ActiveCfg = Release|Win32
		{FBECFAA1-FBB1-4A0C-AE94-D147DBA4E05F}.Release|x86.Build.0 = Release|Win32
		{9DFA6E2A-0E96-4374-9989-CBFB20EB9CFB}.Debug|x64.ActiveCfg = Debug|x64
		{9DFA6E2A-0E96-4374-9989-CBFB20EB9CFB}.Debug|x64.Build.0 = Debug|x64
		{9DFA6E2A-0E96-4374-9989-CBFB20EB9CFB}.Debug|x86.ActiveCfg = Debug|Win32
		{9DFA6E2A-0E96-4374-9989-CBFB20EB9CFB}.Debug|x86.Build.0 = Debug|Win32
		{9DFA6E2A-0E96-4374-9989-CBFB20EB9CFB}.Release|x64.ActiveCfg = Release|x64
		{9DFA6E2A-0E96-4374-9989-CBFB20EB9CFB}.Release|x64.Build.0 = Release|x64
		{9DFA6E2A-0E96-4374-9989-CBFB20EB9CFB}.Release|x86.ActiveCfg = Release|Win32
		{9DFA6E2A-0E96-4374-9989-CBFB20EB9CFB}.Release|x86.Build.0 = Release|Win32
		{43D420CD-8AC0-49D9-8810-9F4F748ECA33}.Debug|x64.ActiveCfg = Debug|x64
		{43D420CD-8AC0-49D9-8810-9F4F748ECA33}.Debug|x64.Build.0 = Debug|x64
		{43D420CD-8AC0-49D9-8810-9F4F748ECA33}.Debug|x86.ActiveCfg = Debug|Win32
		{43D420CD-8AC0-49D9-8810-9F4F748ECA33}.Debug|x86.Build.0 = Debug|Win32
		{43D420CD-8AC0-49D9-8810-9F4F748ECA33}.Release|x64.ActiveCfg = Release|x64
		{43D420CD-8AC0-49D9-8810-9F4F748ECA33}.Release|x64.Build.0 = Release|x64
		{43D420CD-8AC0-49D9-8810-9F4F748ECA33}.Release|x86.ActiveCfg = Release|Win32
		{43D420CD-8AC0-49D9-8810-9F4F748ECA33}.Release|x86.Build.0 = Release|Win32
		{D9E066CD-C451-471F-8DC8-2718F6C0FFE8}.Debug|x64.ActiveCfg = Debug|x64
		{D9E066CD-C451-471F-8DC8-2718F6C0FFE8}.Debug|x64.Build.0 = Debug|x64
		{D9E066CD-C451-471F-8DC8-2718F6C0FFE8}.Debug|x86.ActiveCfg = Debug|Win32
		{D9E066CD-C451-471F-8DC8-2718F6C0FFE8}.Debug|x86.Build.0 = Debug|Win32
		{D9E066CD-C451-471F-8DC8-2718F6C0FFE8}.Release|x64.ActiveCfg = Release|x64
		{D9E066CD-C451-471F-8DC8-2718F6C0FFE8}.Release|x64.Build.0 = Release|x64
		{D9E066CD-C451-471F-8DC8-2718F6C0FFE8}.Release|x86.ActiveCfg = Release|Win32
		{D9E066CD-C451-471F-8DC8-2718F6C0FFE8}.Release|x86.Build.0 = Release|Win32
		{C5529E45-2EA8-4E44-B06C-D853FBA937D1}.Debug|x64.ActiveCfg = Debug|x64
		{C5529E45-2EA8-4E44-B06C-D853FBA937D1}.Debug|x64.Build.0 = Debug|x64
		{C5529E45-2EA8-4E44-B06C-D853FBA937D1}.Debug|x86.ActiveCfg = Debug|Win32
		{C5529E45-2EA8-4E44-B06C-D853FBA937D1}.Debug|x86.Build.0 = Debug|Win32
		{C5529E45-2EA8-4E44-B06C-D853FBA937D1}.Release|x64.ActiveCfg = Release|x64
		{C5529E45-2EA8-4E44-B06C-D853FBA937D1}.Release|x64.Build.0 = Release|x64
		{C5529E45-2EA8-4E44-B06C-D853FBA937D1}.Release|x86.ActiveCfg = Release|Win32
		{C5529E45-2EA8-4E44-B06C-D853FBA937D1}.Release|x86.Build.0 = Release|Win32
		{A144E80C-E010-436D-BB6E-D965A6535846}.Debug|x64.ActiveCfg = Debug|x64
		{A144E80C-E010-436D-BB6E-D965A6535846}.Debug|x64.Build.0 = Debug|x64
		{A144E80C-E010-436D-BB6E-D965A6535846}.Debug|x86.ActiveCfg = Debug|Win32
		{A144E80C-E010-436D-BB6E-D965A6535846}.Debug|x86.Build.0 = Debug|Win32
		{A144E80C-E010-436D-BB6E-D965A6535846}.Release|x64.ActiveCfg = Release|x64
		{A144E80C-E010-436D-BB6E-D965A6535846}.Release|x64.Build.0 = Release|x64
		{A144E80C-E010-436D-BB6E-D965A6535846}.Release|x86.ActiveCfg = Release|Win32
		{A144E80C-E010-436D-BB6E-D965A6535846}.Release|x86.Build.0 = Release|Win32
		{EBAD104B-C4C2-4742-9CFF-8C7022FD9138}.Debug|x64.ActiveCfg = Debug|x64
		{EBAD104B-C4C2-4742-9CFF-8C7022FD9138}.Debug|x64.Build.0 = Debug|x64
		{EBAD104B-C4C2-4742-9CFF-8C7022FD9138}.Debug|x86.ActiveCfg = Debug|Win32
		{EBAD104B-C4C2-4742-9CFF-8C7022FD9138}.Debug|x86.Build.0 = Debug|Win32
		{EBAD104B-C4C2-4742-9CFF-8C7022FD9138}.Release|x64.ActiveCfg = Release|x64
		{EBAD104B-C4C2-4742-9CFF-8C7022FD9138}.Release|x64.Build.0 = Release|x64
		{EBAD104B-C4C2-4742-9CFF-8C7022FD9138}.Release|x86.ActiveCfg = Release|Win32
		{EBAD104B-C4C2-4742-9CFF-8C7022FD9138}.Release|x86.Build.0 = Release|Win32
		{207B912D-3C95-44FE-B47C-2BAEA5583B0E}.Debug|x64.ActiveCfg = Debug|x64
		{207B912D-3C95-44FE-B47C-2BAEA5583B0E}.Debug|x64.Build.0 = Debug|x64
		{207B912D-3C95-44FE-B47C-2BAEA5583B0E}.Debug|x86.ActiveCfg = Debug|Win32
		{207B912D-3C95-44FE-B47C-2BAEA5583B0E}.Debug|x86.Build.0 = Debug|Win32
		{207B912D-3C95-44FE-B47C-2BAEA5583B0E}.Release|x64.ActiveCfg = Release|x64
		{207B912D-3C95-44FE-B47C-2BAEA5583B0E}.Release|x64.Build.0 = Release|x64
		{207B912D-3C95-44FE-B47C-2BAEA5583B0E}.Release|x86.ActiveCfg = Release|Win32
		{207B912D-3C95-44FE-B47C-2BAEA5583B0E}.Release|x86.Build.0 = Release|Win32
		{17365A62-5A20-4301-A651-F71EA03DC1E2}.Debug|x64.ActiveCfg = Debug|x64
		{17365A62-5A20-4301-A651-F71EA03DC1E2}.Debug|x64.Build.0 = Debug|x64
		{17365A62-5A20-4301-A651-F71EA03DC1E2}.Debug|x86.ActiveCfg = Debug|Win32
		{17365A62-5A20-4301-A651-F71EA03DC1E2}.Debug|x86.Build.0 = Debug|Win32
		{17365A62-5A20-4301-A651-F71EA03DC1E2}.Release|x64.ActiveCfg = Release|x64
		{17365A62-5A20-4301-A651-F71EA03DC1E2}.Release|x64.Build.0 = Release|x64
		{17365A62-5A20-4301-A651-F71EA03DC1E2}.Release|x86.ActiveCfg = Release|Win32
		{17365A62-5A20-4301-A651-F71EA03DC1E2}.Release|x86.Build.0 = Release|Win32
	EndGlobalSection
	GlobalSection(SolutionProperties) = preSolution
		HideSolutionNode = FALSE
	EndGlobalSection
	GlobalSection(ExtensibilityGlobals) = postSolution
		SolutionGuid = {A8158A91-EB65-471F-BFFF-7F646D70B85E}
	EndGlobalSection
EndGlobal
