
Microsoft Visual Studio Solution File, Format Version 12.00
# Visual Studio Version 17
VisualStudioVersion = 17.14.36414.22
MinimumVisualStudioVersion = 10.0.40219.1
Project("{8BC9CEB8-8B4A-11D0-8D11-00A0C91BC942}") = "week2_lab", "week2_lab\week2_lab.vcxproj", "{C593CC40-02D9-405F-A36F-79018E910F1A}"
EndProject
Project("{8BC9CEB8-8B4A-11D0-8D11-00A0C91BC942}") = "arrayUtill", "test_print\Chap07.vcxproj", "{19D4B348-2843-4C5C-8EC4-FBF1073DBD40}"
EndProject
Project("{8BC9CEB8-8B4A-11D0-8D11-00A0C91BC942}") = "Assignment0701", "Assignment0701\Assignment0701.vcxproj", "{73FD8833-A24F-4650-8F9A-26BBB9628C6B}"
EndProject
Project("{8BC9CEB8-8B4A-11D0-8D11-00A0C91BC942}") = "Assignment0703", "Assignment0703\Assignment0703.vcxproj", "{6F7D0CEB-FEF4-45FB-89C5-6D5DA3D893B7}"
EndProject
Project("{8BC9CEB8-8B4A-11D0-8D11-00A0C91BC942}") = "Assignment0704", "Assignment0704\Assignment0704.vcxproj", "{F28AF4B0-7859-497D-96DE-F5B66E8A1E59}"
EndProject
Project("{8BC9CEB8-8B4A-11D0-8D11-00A0C91BC942}") = "Assignment0707", "Assignment0707\Assignment0707.vcxproj", "{9F2E695A-07B5-436A-B230-68DFF1746E3F}"
EndProject
Project("{8BC9CEB8-8B4A-11D0-8D11-00A0C91BC942}") = "Assignment0714", "Assignment0714\Assignment0714.vcxproj", "{D870C604-7ABF-42A0-A6F0-FC4E77C38AEA}"
EndProject
Project("{8BC9CEB8-8B4A-11D0-8D11-00A0C91BC942}") = "Assignment0712", "Assignment0712\Assignment0712.vcxproj", "{40D17412-7C82-433B-9B83-D60935658E44}"
EndProject
Global
	GlobalSection(SolutionConfigurationPlatforms) = preSolution
		Debug|x64 = Debug|x64
		Debug|x86 = Debug|x86
		Release|x64 = Release|x64
		Release|x86 = Release|x86
	EndGlobalSection
	GlobalSection(ProjectConfigurationPlatforms) = postSolution
		{C593CC40-02D9-405F-A36F-79018E910F1A}.Debug|x64.ActiveCfg = Debug|x64
		{C593CC40-02D9-405F-A36F-79018E910F1A}.Debug|x64.Build.0 = Debug|x64
		{C593CC40-02D9-405F-A36F-79018E910F1A}.Debug|x86.ActiveCfg = Debug|Win32
		{C593CC40-02D9-405F-A36F-79018E910F1A}.Debug|x86.Build.0 = Debug|Win32
		{C593CC40-02D9-405F-A36F-79018E910F1A}.Release|x64.ActiveCfg = Release|x64
		{C593CC40-02D9-405F-A36F-79018E910F1A}.Release|x64.Build.0 = Release|x64
		{C593CC40-02D9-405F-A36F-79018E910F1A}.Release|x86.ActiveCfg = Release|Win32
		{C593CC40-02D9-405F-A36F-79018E910F1A}.Release|x86.Build.0 = Release|Win32
		{19D4B348-2843-4C5C-8EC4-FBF1073DBD40}.Debug|x64.ActiveCfg = Debug|x64
		{19D4B348-2843-4C5C-8EC4-FBF1073DBD40}.Debug|x64.Build.0 = Debug|x64
		{19D4B348-2843-4C5C-8EC4-FBF1073DBD40}.Debug|x86.ActiveCfg = Debug|Win32
		{19D4B348-2843-4C5C-8EC4-FBF1073DBD40}.Debug|x86.Build.0 = Debug|Win32
		{19D4B348-2843-4C5C-8EC4-FBF1073DBD40}.Release|x64.ActiveCfg = Release|x64
		{19D4B348-2843-4C5C-8EC4-FBF1073DBD40}.Release|x64.Build.0 = Release|x64
		{19D4B348-2843-4C5C-8EC4-FBF1073DBD40}.Release|x86.ActiveCfg = Release|Win32
		{19D4B348-2843-4C5C-8EC4-FBF1073DBD40}.Release|x86.Build.0 = Release|Win32
		{73FD8833-A24F-4650-8F9A-26BBB9628C6B}.Debug|x64.ActiveCfg = Debug|x64
		{73FD8833-A24F-4650-8F9A-26BBB9628C6B}.Debug|x64.Build.0 = Debug|x64
		{73FD8833-A24F-4650-8F9A-26BBB9628C6B}.Debug|x86.ActiveCfg = Debug|Win32
		{73FD8833-A24F-4650-8F9A-26BBB9628C6B}.Debug|x86.Build.0 = Debug|Win32
		{73FD8833-A24F-4650-8F9A-26BBB9628C6B}.Release|x64.ActiveCfg = Release|x64
		{73FD8833-A24F-4650-8F9A-26BBB9628C6B}.Release|x64.Build.0 = Release|x64
		{73FD8833-A24F-4650-8F9A-26BBB9628C6B}.Release|x86.ActiveCfg = Release|Win32
		{73FD8833-A24F-4650-8F9A-26BBB9628C6B}.Release|x86.Build.0 = Release|Win32
		{6F7D0CEB-FEF4-45FB-89C5-6D5DA3D893B7}.Debug|x64.ActiveCfg = Debug|x64
		{6F7D0CEB-FEF4-45FB-89C5-6D5DA3D893B7}.Debug|x64.Build.0 = Debug|x64
		{6F7D0CEB-FEF4-45FB-89C5-6D5DA3D893B7}.Debug|x86.ActiveCfg = Debug|Win32
		{6F7D0CEB-FEF4-45FB-89C5-6D5DA3D893B7}.Debug|x86.Build.0 = Debug|Win32
		{6F7D0CEB-FEF4-45FB-89C5-6D5DA3D893B7}.Release|x64.ActiveCfg = Release|x64
		{6F7D0CEB-FEF4-45FB-89C5-6D5DA3D893B7}.Release|x64.Build.0 = Release|x64
		{6F7D0CEB-FEF4-45FB-89C5-6D5DA3D893B7}.Release|x86.ActiveCfg = Release|Win32
		{6F7D0CEB-FEF4-45FB-89C5-6D5DA3D893B7}.Release|x86.Build.0 = Release|Win32
		{F28AF4B0-7859-497D-96DE-F5B66E8A1E59}.Debug|x64.ActiveCfg = Debug|x64
		{F28AF4B0-7859-497D-96DE-F5B66E8A1E59}.Debug|x64.Build.0 = Debug|x64
		{F28AF4B0-7859-497D-96DE-F5B66E8A1E59}.Debug|x86.ActiveCfg = Debug|Win32
		{F28AF4B0-7859-497D-96DE-F5B66E8A1E59}.Debug|x86.Build.0 = Debug|Win32
		{F28AF4B0-7859-497D-96DE-F5B66E8A1E59}.Release|x64.ActiveCfg = Release|x64
		{F28AF4B0-7859-497D-96DE-F5B66E8A1E59}.Release|x64.Build.0 = Release|x64
		{F28AF4B0-7859-497D-96DE-F5B66E8A1E59}.Release|x86.ActiveCfg = Release|Win32
		{F28AF4B0-7859-497D-96DE-F5B66E8A1E59}.Release|x86.Build.0 = Release|Win32
		{9F2E695A-07B5-436A-B230-68DFF1746E3F}.Debug|x64.ActiveCfg = Debug|x64
		{9F2E695A-07B5-436A-B230-68DFF1746E3F}.Debug|x64.Build.0 = Debug|x64
		{9F2E695A-07B5-436A-B230-68DFF1746E3F}.Debug|x86.ActiveCfg = Debug|Win32
		{9F2E695A-07B5-436A-B230-68DFF1746E3F}.Debug|x86.Build.0 = Debug|Win32
		{9F2E695A-07B5-436A-B230-68DFF1746E3F}.Release|x64.ActiveCfg = Release|x64
		{9F2E695A-07B5-436A-B230-68DFF1746E3F}.Release|x64.Build.0 = Release|x64
		{9F2E695A-07B5-436A-B230-68DFF1746E3F}.Release|x86.ActiveCfg = Release|Win32
		{9F2E695A-07B5-436A-B230-68DFF1746E3F}.Release|x86.Build.0 = Release|Win32
		{D870C604-7ABF-42A0-A6F0-FC4E77C38AEA}.Debug|x64.ActiveCfg = Debug|x64
		{D870C604-7ABF-42A0-A6F0-FC4E77C38AEA}.Debug|x64.Build.0 = Debug|x64
		{D870C604-7ABF-42A0-A6F0-FC4E77C38AEA}.Debug|x86.ActiveCfg = Debug|Win32
		{D870C604-7ABF-42A0-A6F0-FC4E77C38AEA}.Debug|x86.Build.0 = Debug|Win32
		{D870C604-7ABF-42A0-A6F0-FC4E77C38AEA}.Release|x64.ActiveCfg = Release|x64
		{D870C604-7ABF-42A0-A6F0-FC4E77C38AEA}.Release|x64.Build.0 = Release|x64
		{D870C604-7ABF-42A0-A6F0-FC4E77C38AEA}.Release|x86.ActiveCfg = Release|Win32
		{D870C604-7ABF-42A0-A6F0-FC4E77C38AEA}.Release|x86.Build.0 = Release|Win32
		{40D17412-7C82-433B-9B83-D60935658E44}.Debug|x64.ActiveCfg = Debug|x64
		{40D17412-7C82-433B-9B83-D60935658E44}.Debug|x64.Build.0 = Debug|x64
		{40D17412-7C82-433B-9B83-D60935658E44}.Debug|x86.ActiveCfg = Debug|Win32
		{40D17412-7C82-433B-9B83-D60935658E44}.Debug|x86.Build.0 = Debug|Win32
		{40D17412-7C82-433B-9B83-D60935658E44}.Release|x64.ActiveCfg = Release|x64
		{40D17412-7C82-433B-9B83-D60935658E44}.Release|x64.Build.0 = Release|x64
		{40D17412-7C82-433B-9B83-D60935658E44}.Release|x86.ActiveCfg = Release|Win32
		{40D17412-7C82-433B-9B83-D60935658E44}.Release|x86.Build.0 = Release|Win32
	EndGlobalSection
	GlobalSection(SolutionProperties) = preSolution
		HideSolutionNode = FALSE
	EndGlobalSection
	GlobalSection(ExtensibilityGlobals) = postSolution
		SolutionGuid = {A8158A91-EB65-471F-BFFF-7F646D70B85E}
	EndGlobalSection
EndGlobal
