
Microsoft Visual Studio Solution File, Format Version 12.00
# Visual Studio Version 17
VisualStudioVersion = 17.14.36429.23
MinimumVisualStudioVersion = 10.0.40219.1
Project("{8BC9CEB8-8B4A-11D0-8D11-00A0C91BC942}") = "week3_lab", "week3_lab\week3_lab.vcxproj", "{BA1F8D8C-AE37-4043-828D-9240AADBDD77}"
EndProject
Project("{8BC9CEB8-8B4A-11D0-8D11-00A0C91BC942}") = "Exercise0801", "Exercise0801\Exercise0801.vcxproj", "{213945DF-DC14-4F0F-B6A0-4F3AE1BB0901}"
EndProject
Project("{8BC9CEB8-8B4A-11D0-8D11-00A0C91BC942}") = "Exercise0802", "Exercise0802\Exercise0802.vcxproj", "{12989174-7E8B-4A13-A6CA-C7FC055DE684}"
EndProject
Project("{8BC9CEB8-8B4A-11D0-8D11-00A0C91BC942}") = "Exercise0803", "Exercise0803\Exercise0803.vcxproj", "{686F3050-BCC7-43EA-BD59-1FFFB7AAAD0E}"
EndProject
Project("{8BC9CEB8-8B4A-11D0-8D11-00A0C91BC942}") = "Exercise0804", "Exercise0804\Exercise0804.vcxproj", "{99833299-1AFD-449D-8A87-D66E27DCF907}"
EndProject
Project("{8BC9CEB8-8B4A-11D0-8D11-00A0C91BC942}") = "Exercise0805", "Exercise0805\Exercise0805.vcxproj", "{20E3EF79-CCBB-4852-95FB-3393C06A7AC8}"
EndProject
Project("{8BC9CEB8-8B4A-11D0-8D11-00A0C91BC942}") = "Exercise0806", "Exercise0806\Exercise0806.vcxproj", "{30A548C4-1F0A-44E9-A94C-AC0F9EA37F54}"
EndProject
Project("{8BC9CEB8-8B4A-11D0-8D11-00A0C91BC942}") = "Exercise0807", "Exercise0807\Exercise0807.vcxproj", "{BAA0E8E3-708C-49F8-BA62-68EDC45E3D08}"
EndProject
Project("{8BC9CEB8-8B4A-11D0-8D11-00A0C91BC942}") = "Exercise0808", "Exercise0808\Exercise0808.vcxproj", "{1D058FCE-4396-4E73-B7EE-E1CFF9A9E68D}"
EndProject
Project("{8BC9CEB8-8B4A-11D0-8D11-00A0C91BC942}") = "Exercise0809", "Exercise0809\Exercise0809.vcxproj", "{2130CACB-1F23-4BDC-BF26-71D8BCC3AFBB}"
EndProject
Project("{8BC9CEB8-8B4A-11D0-8D11-00A0C91BC942}") = "Exercise0810", "Exercise0810\Exercise0810.vcxproj", "{02CA7810-25B6-4F06-8357-9C93E542836A}"
EndProject
Project("{8BC9CEB8-8B4A-11D0-8D11-00A0C91BC942}") = "Exercise0811", "Exercise0811\Exercise0811.vcxproj", "{6254BDE8-C1BE-488F-8458-C1DB82EF8659}"
EndProject
Project("{8BC9CEB8-8B4A-11D0-8D11-00A0C91BC942}") = "Exercise0812", "Exercise0812\Exercise0812.vcxproj", "{9C4C7DEC-62BA-4626-B91B-C068D5453733}"
EndProject
Project("{8BC9CEB8-8B4A-11D0-8D11-00A0C91BC942}") = "Exercise0813", "Exercise0813\Exercise0813.vcxproj", "{07A404A2-5C7C-4E91-8F94-73750466AE0A}"
EndProject
Project("{8BC9CEB8-8B4A-11D0-8D11-00A0C91BC942}") = "Exercise0814", "Exercise0814\Exercise0814.vcxproj", "{2BD1E86A-2778-4D81-8D53-BC4EDE155ADD}"
EndProject
Project("{8BC9CEB8-8B4A-11D0-8D11-00A0C91BC942}") = "Exercise0815", "Exercise0815\Exercise0815.vcxproj", "{432FB72B-E610-419F-9BEE-3C747CF7DF28}"
EndProject
Global
	GlobalSection(SolutionConfigurationPlatforms) = preSolution
		Debug|x64 = Debug|x64
		Debug|x86 = Debug|x86
		Release|x64 = Release|x64
		Release|x86 = Release|x86
	EndGlobalSection
	GlobalSection(ProjectConfigurationPlatforms) = postSolution
		{BA1F8D8C-AE37-4043-828D-9240AADBDD77}.Debug|x64.ActiveCfg = Debug|x64
		{BA1F8D8C-AE37-4043-828D-9240AADBDD77}.Debug|x64.Build.0 = Debug|x64
		{BA1F8D8C-AE37-4043-828D-9240AADBDD77}.Debug|x86.ActiveCfg = Debug|Win32
		{BA1F8D8C-AE37-4043-828D-9240AADBDD77}.Debug|x86.Build.0 = Debug|Win32
		{BA1F8D8C-AE37-4043-828D-9240AADBDD77}.Release|x64.ActiveCfg = Release|x64
		{BA1F8D8C-AE37-4043-828D-9240AADBDD77}.Release|x64.Build.0 = Release|x64
		{BA1F8D8C-AE37-4043-828D-9240AADBDD77}.Release|x86.ActiveCfg = Release|Win32
		{BA1F8D8C-AE37-4043-828D-9240AADBDD77}.Release|x86.Build.0 = Release|Win32
		{213945DF-DC14-4F0F-B6A0-4F3AE1BB0901}.Debug|x64.ActiveCfg = Debug|x64
		{213945DF-DC14-4F0F-B6A0-4F3AE1BB0901}.Debug|x64.Build.0 = Debug|x64
		{213945DF-DC14-4F0F-B6A0-4F3AE1BB0901}.Debug|x86.ActiveCfg = Debug|Win32
		{213945DF-DC14-4F0F-B6A0-4F3AE1BB0901}.Debug|x86.Build.0 = Debug|Win32
		{213945DF-DC14-4F0F-B6A0-4F3AE1BB0901}.Release|x64.ActiveCfg = Release|x64
		{213945DF-DC14-4F0F-B6A0-4F3AE1BB0901}.Release|x64.Build.0 = Release|x64
		{213945DF-DC14-4F0F-B6A0-4F3AE1BB0901}.Release|x86.ActiveCfg = Release|Win32
		{213945DF-DC14-4F0F-B6A0-4F3AE1BB0901}.Release|x86.Build.0 = Release|Win32
		{12989174-7E8B-4A13-A6CA-C7FC055DE684}.Debug|x64.ActiveCfg = Debug|x64
		{12989174-7E8B-4A13-A6CA-C7FC055DE684}.Debug|x64.Build.0 = Debug|x64
		{12989174-7E8B-4A13-A6CA-C7FC055DE684}.Debug|x86.ActiveCfg = Debug|Win32
		{12989174-7E8B-4A13-A6CA-C7FC055DE684}.Debug|x86.Build.0 = Debug|Win32
		{12989174-7E8B-4A13-A6CA-C7FC055DE684}.Release|x64.ActiveCfg = Release|x64
		{12989174-7E8B-4A13-A6CA-C7FC055DE684}.Release|x64.Build.0 = Release|x64
		{12989174-7E8B-4A13-A6CA-C7FC055DE684}.Release|x86.ActiveCfg = Release|Win32
		{12989174-7E8B-4A13-A6CA-C7FC055DE684}.Release|x86.Build.0 = Release|Win32
		{686F3050-BCC7-43EA-BD59-1FFFB7AAAD0E}.Debug|x64.ActiveCfg = Debug|x64
		{686F3050-BCC7-43EA-BD59-1FFFB7AAAD0E}.Debug|x64.Build.0 = Debug|x64
		{686F3050-BCC7-43EA-BD59-1FFFB7AAAD0E}.Debug|x86.ActiveCfg = Debug|Win32
		{686F3050-BCC7-43EA-BD59-1FFFB7AAAD0E}.Debug|x86.Build.0 = Debug|Win32
		{686F3050-BCC7-43EA-BD59-1FFFB7AAAD0E}.Release|x64.ActiveCfg = Release|x64
		{686F3050-BCC7-43EA-BD59-1FFFB7AAAD0E}.Release|x64.Build.0 = Release|x64
		{686F3050-BCC7-43EA-BD59-1FFFB7AAAD0E}.Release|x86.ActiveCfg = Release|Win32
		{686F3050-BCC7-43EA-BD59-1FFFB7AAAD0E}.Release|x86.Build.0 = Release|Win32
		{99833299-1AFD-449D-8A87-D66E27DCF907}.Debug|x64.ActiveCfg = Debug|x64
		{99833299-1AFD-449D-8A87-D66E27DCF907}.Debug|x64.Build.0 = Debug|x64
		{99833299-1AFD-449D-8A87-D66E27DCF907}.Debug|x86.ActiveCfg = Debug|Win32
		{99833299-1AFD-449D-8A87-D66E27DCF907}.Debug|x86.Build.0 = Debug|Win32
		{99833299-1AFD-449D-8A87-D66E27DCF907}.Release|x64.ActiveCfg = Release|x64
		{99833299-1AFD-449D-8A87-D66E27DCF907}.Release|x64.Build.0 = Release|x64
		{99833299-1AFD-449D-8A87-D66E27DCF907}.Release|x86.ActiveCfg = Release|Win32
		{99833299-1AFD-449D-8A87-D66E27DCF907}.Release|x86.Build.0 = Release|Win32
		{20E3EF79-CCBB-4852-95FB-3393C06A7AC8}.Debug|x64.ActiveCfg = Debug|x64
		{20E3EF79-CCBB-4852-95FB-3393C06A7AC8}.Debug|x64.Build.0 = Debug|x64
		{20E3EF79-CCBB-4852-95FB-3393C06A7AC8}.Debug|x86.ActiveCfg = Debug|Win32
		{20E3EF79-CCBB-4852-95FB-3393C06A7AC8}.Debug|x86.Build.0 = Debug|Win32
		{20E3EF79-CCBB-4852-95FB-3393C06A7AC8}.Release|x64.ActiveCfg = Release|x64
		{20E3EF79-CCBB-4852-95FB-3393C06A7AC8}.Release|x64.Build.0 = Release|x64
		{20E3EF79-CCBB-4852-95FB-3393C06A7AC8}.Release|x86.ActiveCfg = Release|Win32
		{20E3EF79-CCBB-4852-95FB-3393C06A7AC8}.Release|x86.Build.0 = Release|Win32
		{30A548C4-1F0A-44E9-A94C-AC0F9EA37F54}.Debug|x64.ActiveCfg = Debug|x64
		{30A548C4-1F0A-44E9-A94C-AC0F9EA37F54}.Debug|x64.Build.0 = Debug|x64
		{30A548C4-1F0A-44E9-A94C-AC0F9EA37F54}.Debug|x86.ActiveCfg = Debug|Win32
		{30A548C4-1F0A-44E9-A94C-AC0F9EA37F54}.Debug|x86.Build.0 = Debug|Win32
		{30A548C4-1F0A-44E9-A94C-AC0F9EA37F54}.Release|x64.ActiveCfg = Release|x64
		{30A548C4-1F0A-44E9-A94C-AC0F9EA37F54}.Release|x64.Build.0 = Release|x64
		{30A548C4-1F0A-44E9-A94C-AC0F9EA37F54}.Release|x86.ActiveCfg = Release|Win32
		{30A548C4-1F0A-44E9-A94C-AC0F9EA37F54}.Release|x86.Build.0 = Release|Win32
		{BAA0E8E3-708C-49F8-BA62-68EDC45E3D08}.Debug|x64.ActiveCfg = Debug|x64
		{BAA0E8E3-708C-49F8-BA62-68EDC45E3D08}.Debug|x64.Build.0 = Debug|x64
		{BAA0E8E3-708C-49F8-BA62-68EDC45E3D08}.Debug|x86.ActiveCfg = Debug|Win32
		{BAA0E8E3-708C-49F8-BA62-68EDC45E3D08}.Debug|x86.Build.0 = Debug|Win32
		{BAA0E8E3-708C-49F8-BA62-68EDC45E3D08}.Release|x64.ActiveCfg = Release|x64
		{BAA0E8E3-708C-49F8-BA62-68EDC45E3D08}.Release|x64.Build.0 = Release|x64
		{BAA0E8E3-708C-49F8-BA62-68EDC45E3D08}.Release|x86.ActiveCfg = Release|Win32
		{BAA0E8E3-708C-49F8-BA62-68EDC45E3D08}.Release|x86.Build.0 = Release|Win32
		{1D058FCE-4396-4E73-B7EE-E1CFF9A9E68D}.Debug|x64.ActiveCfg = Debug|x64
		{1D058FCE-4396-4E73-B7EE-E1CFF9A9E68D}.Debug|x64.Build.0 = Debug|x64
		{1D058FCE-4396-4E73-B7EE-E1CFF9A9E68D}.Debug|x86.ActiveCfg = Debug|Win32
		{1D058FCE-4396-4E73-B7EE-E1CFF9A9E68D}.Debug|x86.Build.0 = Debug|Win32
		{1D058FCE-4396-4E73-B7EE-E1CFF9A9E68D}.Release|x64.ActiveCfg = Release|x64
		{1D058FCE-4396-4E73-B7EE-E1CFF9A9E68D}.Release|x64.Build.0 = Release|x64
		{1D058FCE-4396-4E73-B7EE-E1CFF9A9E68D}.Release|x86.ActiveCfg = Release|Win32
		{1D058FCE-4396-4E73-B7EE-E1CFF9A9E68D}.Release|x86.Build.0 = Release|Win32
		{2130CACB-1F23-4BDC-BF26-71D8BCC3AFBB}.Debug|x64.ActiveCfg = Debug|x64
		{2130CACB-1F23-4BDC-BF26-71D8BCC3AFBB}.Debug|x64.Build.0 = Debug|x64
		{2130CACB-1F23-4BDC-BF26-71D8BCC3AFBB}.Debug|x86.ActiveCfg = Debug|Win32
		{2130CACB-1F23-4BDC-BF26-71D8BCC3AFBB}.Debug|x86.Build.0 = Debug|Win32
		{2130CACB-1F23-4BDC-BF26-71D8BCC3AFBB}.Release|x64.ActiveCfg = Release|x64
		{2130CACB-1F23-4BDC-BF26-71D8BCC3AFBB}.Release|x64.Build.0 = Release|x64
		{2130CACB-1F23-4BDC-BF26-71D8BCC3AFBB}.Release|x86.ActiveCfg = Release|Win32
		{2130CACB-1F23-4BDC-BF26-71D8BCC3AFBB}.Release|x86.Build.0 = Release|Win32
		{02CA7810-25B6-4F06-8357-9C93E542836A}.Debug|x64.ActiveCfg = Debug|x64
		{02CA7810-25B6-4F06-8357-9C93E542836A}.Debug|x64.Build.0 = Debug|x64
		{02CA7810-25B6-4F06-8357-9C93E542836A}.Debug|x86.ActiveCfg = Debug|Win32
		{02CA7810-25B6-4F06-8357-9C93E542836A}.Debug|x86.Build.0 = Debug|Win32
		{02CA7810-25B6-4F06-8357-9C93E542836A}.Release|x64.ActiveCfg = Release|x64
		{02CA7810-25B6-4F06-8357-9C93E542836A}.Release|x64.Build.0 = Release|x64
		{02CA7810-25B6-4F06-8357-9C93E542836A}.Release|x86.ActiveCfg = Release|Win32
		{02CA7810-25B6-4F06-8357-9C93E542836A}.Release|x86.Build.0 = Release|Win32
		{6254BDE8-C1BE-488F-8458-C1DB82EF8659}.Debug|x64.ActiveCfg = Debug|x64
		{6254BDE8-C1BE-488F-8458-C1DB82EF8659}.Debug|x64.Build.0 = Debug|x64
		{6254BDE8-C1BE-488F-8458-C1DB82EF8659}.Debug|x86.ActiveCfg = Debug|Win32
		{6254BDE8-C1BE-488F-8458-C1DB82EF8659}.Debug|x86.Build.0 = Debug|Win32
		{6254BDE8-C1BE-488F-8458-C1DB82EF8659}.Release|x64.ActiveCfg = Release|x64
		{6254BDE8-C1BE-488F-8458-C1DB82EF8659}.Release|x64.Build.0 = Release|x64
		{6254BDE8-C1BE-488F-8458-C1DB82EF8659}.Release|x86.ActiveCfg = Release|Win32
		{6254BDE8-C1BE-488F-8458-C1DB82EF8659}.Release|x86.Build.0 = Release|Win32
		{9C4C7DEC-62BA-4626-B91B-C068D5453733}.Debug|x64.ActiveCfg = Debug|x64
		{9C4C7DEC-62BA-4626-B91B-C068D5453733}.Debug|x64.Build.0 = Debug|x64
		{9C4C7DEC-62BA-4626-B91B-C068D5453733}.Debug|x86.ActiveCfg = Debug|Win32
		{9C4C7DEC-62BA-4626-B91B-C068D5453733}.Debug|x86.Build.0 = Debug|Win32
		{9C4C7DEC-62BA-4626-B91B-C068D5453733}.Release|x64.ActiveCfg = Release|x64
		{9C4C7DEC-62BA-4626-B91B-C068D5453733}.Release|x64.Build.0 = Release|x64
		{9C4C7DEC-62BA-4626-B91B-C068D5453733}.Release|x86.ActiveCfg = Release|Win32
		{9C4C7DEC-62BA-4626-B91B-C068D5453733}.Release|x86.Build.0 = Release|Win32
		{07A404A2-5C7C-4E91-8F94-73750466AE0A}.Debug|x64.ActiveCfg = Debug|x64
		{07A404A2-5C7C-4E91-8F94-73750466AE0A}.Debug|x64.Build.0 = Debug|x64
		{07A404A2-5C7C-4E91-8F94-73750466AE0A}.Debug|x86.ActiveCfg = Debug|Win32
		{07A404A2-5C7C-4E91-8F94-73750466AE0A}.Debug|x86.Build.0 = Debug|Win32
		{07A404A2-5C7C-4E91-8F94-73750466AE0A}.Release|x64.ActiveCfg = Release|x64
		{07A404A2-5C7C-4E91-8F94-73750466AE0A}.Release|x64.Build.0 = Release|x64
		{07A404A2-5C7C-4E91-8F94-73750466AE0A}.Release|x86.ActiveCfg = Release|Win32
		{07A404A2-5C7C-4E91-8F94-73750466AE0A}.Release|x86.Build.0 = Release|Win32
		{2BD1E86A-2778-4D81-8D53-BC4EDE155ADD}.Debug|x64.ActiveCfg = Debug|x64
		{2BD1E86A-2778-4D81-8D53-BC4EDE155ADD}.Debug|x64.Build.0 = Debug|x64
		{2BD1E86A-2778-4D81-8D53-BC4EDE155ADD}.Debug|x86.ActiveCfg = Debug|Win32
		{2BD1E86A-2778-4D81-8D53-BC4EDE155ADD}.Debug|x86.Build.0 = Debug|Win32
		{2BD1E86A-2778-4D81-8D53-BC4EDE155ADD}.Release|x64.ActiveCfg = Release|x64
		{2BD1E86A-2778-4D81-8D53-BC4EDE155ADD}.Release|x64.Build.0 = Release|x64
		{2BD1E86A-2778-4D81-8D53-BC4EDE155ADD}.Release|x86.ActiveCfg = Release|Win32
		{2BD1E86A-2778-4D81-8D53-BC4EDE155ADD}.Release|x86.Build.0 = Release|Win32
		{432FB72B-E610-419F-9BEE-3C747CF7DF28}.Debug|x64.ActiveCfg = Debug|x64
		{432FB72B-E610-419F-9BEE-3C747CF7DF28}.Debug|x64.Build.0 = Debug|x64
		{432FB72B-E610-419F-9BEE-3C747CF7DF28}.Debug|x86.ActiveCfg = Debug|Win32
		{432FB72B-E610-419F-9BEE-3C747CF7DF28}.Debug|x86.Build.0 = Debug|Win32
		{432FB72B-E610-419F-9BEE-3C747CF7DF28}.Release|x64.ActiveCfg = Release|x64
		{432FB72B-E610-419F-9BEE-3C747CF7DF28}.Release|x64.Build.0 = Release|x64
		{432FB72B-E610-419F-9BEE-3C747CF7DF28}.Release|x86.ActiveCfg = Release|Win32
		{432FB72B-E610-419F-9BEE-3C747CF7DF28}.Release|x86.Build.0 = Release|Win32
	EndGlobalSection
	GlobalSection(SolutionProperties) = preSolution
		HideSolutionNode = FALSE
	EndGlobalSection
	GlobalSection(ExtensibilityGlobals) = postSolution
		SolutionGuid = {92156184-EA41-4C24-9A59-3D55D14B289F}
	EndGlobalSection
EndGlobal
